Microsoft Visual Studio Solution File, Format Version 12.00
# Visual Studio 14
VisualStudioVersion = 14.0.22609.0
MinimumVisualStudioVersion = 10.0.40219.1
Project("{FAE04EC0-301F-11D3-BF4B-00C04F79EFBC}") = "VOTCClient", "VOTCClient\VOTCClient.csproj", "{81A567F8-3046-4856-AF7D-852547E1B3D2}"
EndProject
Project("{FAE04EC0-301F-11D3-BF4B-00C04F79EFBC}") = "Updater", "Updater\Updater.csproj", "{C3FCE036-5BBC-44F5-B356-1B088399BB31}"
EndProject
Project("{FAE04EC0-301F-11D3-BF4B-00C04F79EFBC}") = "KeymapHelper", "KeymapHelper\KeymapHelper.csproj", "{E4718522-7B4F-4329-8D79-31A08C158269}"
EndProject
Project("{FAE04EC0-301F-11D3-BF4B-00C04F79EFBC}") = "ScriptTemplate", "ScriptTemplate\ScriptTemplate.csproj", "{8E5F58ED-6358-454B-95C7-7AD79FF682E4}"
EndProject
Project("{2150E333-8FDC-42A3-9474-1A3956D46DE8}") = "Server", "Server", "{D7A714E0-B158-44CE-9E81-8C64229DC347}"
EndProject
Project("{2150E333-8FDC-42A3-9474-1A3956D46DE8}") = "Client", "Client", "{517A3450-C2D1-4DD8-83FE-6EFC59B5DCE4}"
EndProject
Project("{FAE04EC0-301F-11D3-BF4B-00C04F79EFBC}") = "GenericServiceHost", "ServiceHost\GenericServiceHost.csproj", "{8EC30457-F6B6-4845-9AA4-19801D0F7257}"
EndProject
Project("{FAE04EC0-301F-11D3-BF4B-00C04F79EFBC}") = "BitFlashGenericWCF", "BitFlashGenericWCF\BitFlashGenericWCF.csproj", "{B7480A09-23D3-4CFE-A017-61B3912E029F}"
EndProject
Global
	GlobalSection(SolutionConfigurationPlatforms) = preSolution
		Debug|Any CPU = Debug|Any CPU
		Debug|x86 = Debug|x86
		Release|Any CPU = Release|Any CPU
		Release|x86 = Release|x86
	EndGlobalSection
	GlobalSection(ProjectConfigurationPlatforms) = postSolution
		{81A567F8-3046-4856-AF7D-852547E1B3D2}.Debug|Any CPU.ActiveCfg = Debug|Any CPU
		{81A567F8-3046-4856-AF7D-852547E1B3D2}.Debug|Any CPU.Build.0 = Debug|Any CPU
		{81A567F8-3046-4856-AF7D-852547E1B3D2}.Debug|x86.ActiveCfg = Debug|x86
		{81A567F8-3046-4856-AF7D-852547E1B3D2}.Debug|x86.Build.0 = Debug|x86
		{81A567F8-3046-4856-AF7D-852547E1B3D2}.Release|Any CPU.ActiveCfg = Release|Any CPU
		{81A567F8-3046-4856-AF7D-852547E1B3D2}.Release|Any CPU.Build.0 = Release|Any CPU
		{81A567F8-3046-4856-AF7D-852547E1B3D2}.Release|x86.ActiveCfg = Release|x86
		{81A567F8-3046-4856-AF7D-852547E1B3D2}.Release|x86.Build.0 = Release|x86
		{C3FCE036-5BBC-44F5-B356-1B088399BB31}.Debug|Any CPU.ActiveCfg = Debug|Any CPU
		{C3FCE036-5BBC-44F5-B356-1B088399BB31}.Debug|Any CPU.Build.0 = Debug|Any CPU
		{C3FCE036-5BBC-44F5-B356-1B088399BB31}.Debug|x86.ActiveCfg = Debug|Any CPU
		{C3FCE036-5BBC-44F5-B356-1B088399BB31}.Release|Any CPU.ActiveCfg = Release|Any CPU
		{C3FCE036-5BBC-44F5-B356-1B088399BB31}.Release|Any CPU.Build.0 = Release|Any CPU
		{C3FCE036-5BBC-44F5-B356-1B088399BB31}.Release|x86.ActiveCfg = Release|Any CPU
		{E4718522-7B4F-4329-8D79-31A08C158269}.Debug|Any CPU.ActiveCfg = Debug|Any CPU
		{E4718522-7B4F-4329-8D79-31A08C158269}.Debug|Any CPU.Build.0 = Debug|Any CPU
		{E4718522-7B4F-4329-8D79-31A08C158269}.Debug|x86.ActiveCfg = Debug|Any CPU
		{E4718522-7B4F-4329-8D79-31A08C158269}.Release|Any CPU.ActiveCfg = Release|Any CPU
		{E4718522-7B4F-4329-8D79-31A08C158269}.Release|Any CPU.Build.0 = Release|Any CPU
		{E4718522-7B4F-4329-8D79-31A08C158269}.Release|x86.ActiveCfg = Release|Any CPU
		{8E5F58ED-6358-454B-95C7-7AD79FF682E4}.Debug|Any CPU.ActiveCfg = Debug|Any CPU
		{8E5F58ED-6358-454B-95C7-7AD79FF682E4}.Debug|Any CPU.Build.0 = Debug|Any CPU
		{8E5F58ED-6358-454B-95C7-7AD79FF682E4}.Debug|x86.ActiveCfg = Debug|Any CPU
		{8E5F58ED-6358-454B-95C7-7AD79FF682E4}.Release|Any CPU.ActiveCfg = Release|Any CPU
		{8E5F58ED-6358-454B-95C7-7AD79FF682E4}.Release|Any CPU.Build.0 = Release|Any CPU
		{8E5F58ED-6358-454B-95C7-7AD79FF682E4}.Release|x86.ActiveCfg = Release|Any CPU
		{8EC30457-F6B6-4845-9AA4-19801D0F7257}.Debug|Any CPU.ActiveCfg = Debug|Any CPU
		{8EC30457-F6B6-4845-9AA4-19801D0F7257}.Debug|Any CPU.Build.0 = Debug|Any CPU
		{8EC30457-F6B6-4845-9AA4-19801D0F7257}.Debug|x86.ActiveCfg = Debug|Any CPU
		{8EC30457-F6B6-4845-9AA4-19801D0F7257}.Debug|x86.Build.0 = Debug|Any CPU
		{8EC30457-F6B6-4845-9AA4-19801D0F7257}.Release|Any CPU.ActiveCfg = Release|Any CPU
		{8EC30457-F6B6-4845-9AA4-19801D0F7257}.Release|Any CPU.Build.0 = Release|Any CPU
		{8EC30457-F6B6-4845-9AA4-19801D0F7257}.Release|x86.ActiveCfg = Release|Any CPU
		{8EC30457-F6B6-4845-9AA4-19801D0F7257}.Release|x86.Build.0 = Release|Any CPU
		{B7480A09-23D3-4CFE-A017-61B3912E029F}.Debug|Any CPU.ActiveCfg = Debug|Any CPU
		{B7480A09-23D3-4CFE-A017-61B3912E029F}.Debug|Any CPU.Build.0 = Debug|Any CPU
		{B7480A09-23D3-4CFE-A017-61B3912E029F}.Debug|x86.ActiveCfg = Debug|Any CPU
		{B7480A09-23D3-4CFE-A017-61B3912E029F}.Debug|x86.Build.0 = Debug|Any CPU
		{B7480A09-23D3-4CFE-A017-61B3912E029F}.Release|Any CPU.ActiveCfg = Release|Any CPU
		{B7480A09-23D3-4CFE-A017-61B3912E029F}.Release|Any CPU.Build.0 = Release|Any CPU
		{B7480A09-23D3-4CFE-A017-61B3912E029F}.Release|x86.ActiveCfg = Release|Any CPU
		{B7480A09-23D3-4CFE-A017-61B3912E029F}.Release|x86.Build.0 = Release|Any CPU
	EndGlobalSection
	GlobalSection(SolutionProperties) = preSolution
		HideSolutionNode = FALSE
	EndGlobalSection
	GlobalSection(NestedProjects) = preSolution
		{81A567F8-3046-4856-AF7D-852547E1B3D2} = {517A3450-C2D1-4DD8-83FE-6EFC59B5DCE4}
		{C3FCE036-5BBC-44F5-B356-1B088399BB31} = {517A3450-C2D1-4DD8-83FE-6EFC59B5DCE4}
		{E4718522-7B4F-4329-8D79-31A08C158269} = {517A3450-C2D1-4DD8-83FE-6EFC59B5DCE4}
		{8E5F58ED-6358-454B-95C7-7AD79FF682E4} = {517A3450-C2D1-4DD8-83FE-6EFC59B5DCE4}
		{8EC30457-F6B6-4845-9AA4-19801D0F7257} = {D7A714E0-B158-44CE-9E81-8C64229DC347}
		{B7480A09-23D3-4CFE-A017-61B3912E029F} = {D7A714E0-B158-44CE-9E81-8C64229DC347}
	EndGlobalSection
EndGlobal
